
Microsoft Visual Studio Solution File, Format Version 12.00
# Visual Studio 15
VisualStudioVersion = 15.0.28010.2003
MinimumVisualStudioVersion = 10.0.40219.1
Project("{FAE04EC0-301F-11D3-BF4B-00C04F79EFBC}") = "Повышение квалификации", "Повышение квалификации\Повышение квалификации.csproj", "{4293F871-0CBC-4E43-ACE9-E840B770ECB7}"
EndProject
Global
	GlobalSection(SolutionConfigurationPlatforms) = preSolution
		Debug|Any CPU = Debug|Any CPU
		Release|Any CPU = Release|Any CPU
	EndGlobalSection
	GlobalSection(ProjectConfigurationPlatforms) = postSolution
		{4293F871-0CBC-4E43-ACE9-E840B770ECB7}.Debug|Any CPU.ActiveCfg = Debug|Any CPU
		{4293F871-0CBC-4E43-ACE9-E840B770ECB7}.Debug|Any CPU.Build.0 = Debug|Any CPU
		{4293F871-0CBC-4E43-ACE9-E840B770ECB7}.Release|Any CPU.ActiveCfg = Release|Any CPU
		{4293F871-0CBC-4E43-ACE9-E840B770ECB7}.Release|Any CPU.Build.0 = Release|Any CPU
	EndGlobalSection
	GlobalSection(SolutionProperties) = preSolution
		HideSolutionNode = FALSE
	EndGlobalSection
	GlobalSection(ExtensibilityGlobals) = postSolution
		SolutionGuid = {09E608C9-81F5-4883-89BA-6AD06AA6B61F}
	EndGlobalSection
EndGlobal
